// !$*UTF8*$!
{
	archiveVersion = 1;
	classes = {
	};
	objectVersion = 56;
	objects = {

/* Begin PBXBuildFile section */
		87D35B3E298333790039FC6C /* AppDelegate.swift in Sources */ = {isa = PBXBuildFile; fileRef = 87D35B3D298333790039FC6C /* AppDelegate.swift */; };
		87D35B40298333790039FC6C /* ViewController.swift in Sources */ = {isa = PBXBuildFile; fileRef = 87D35B3F298333790039FC6C /* ViewController.swift */; };
		87D35B422983337B0039FC6C /* Assets.xcassets in Resources */ = {isa = PBXBuildFile; fileRef = 87D35B412983337B0039FC6C /* Assets.xcassets */; };
		87D35B452983337B0039FC6C /* Main.storyboard in Resources */ = {isa = PBXBuildFile; fileRef = 87D35B432983337B0039FC6C /* Main.storyboard */; };
		87D35B502983337C0039FC6C /* LookCheckerTests.swift in Sources */ = {isa = PBXBuildFile; fileRef = 87D35B4F2983337C0039FC6C /* LookCheckerTests.swift */; };
		87D35B5A2983337C0039FC6C /* LookCheckerUITests.swift in Sources */ = {isa = PBXBuildFile; fileRef = 87D35B592983337C0039FC6C /* LookCheckerUITests.swift */; };
		87D35B5C2983337C0039FC6C /* LookCheckerUITestsLaunchTests.swift in Sources */ = {isa = PBXBuildFile; fileRef = 87D35B5B2983337C0039FC6C /* LookCheckerUITestsLaunchTests.swift */; };
		87D35B6A2983338C0039FC6C /* ContentViewController.xib in Resources */ = {isa = PBXBuildFile; fileRef = 87D35B682983338C0039FC6C /* ContentViewController.xib */; };
		87D35B6B2983338C0039FC6C /* ContentViewController.swift in Sources */ = {isa = PBXBuildFile; fileRef = 87D35B692983338C0039FC6C /* ContentViewController.swift */; };
/* End PBXBuildFile section */

/* Begin PBXContainerItemProxy section */
		87D35B4C2983337C0039FC6C /* PBXContainerItemProxy */ = {
			isa = PBXContainerItemProxy;
			containerPortal = 87D35B32298333790039FC6C /* Project object */;
			proxyType = 1;
			remoteGlobalIDString = 87D35B39298333790039FC6C;
			remoteInfo = LookChecker;
		};
		87D35B562983337C0039FC6C /* PBXContainerItemProxy */ = {
			isa = PBXContainerItemProxy;
			containerPortal = 87D35B32298333790039FC6C /* Project object */;
			proxyType = 1;
			remoteGlobalIDString = 87D35B39298333790039FC6C;
			remoteInfo = LookChecker;
		};
/* End PBXContainerItemProxy section */

/* Begin PBXFileReference section */
		87D35B3A298333790039FC6C /* LookChecker.app */ = {isa = PBXFileReference; explicitFileType = wrapper.application; includeInIndex = 0; path = LookChecker.app; sourceTree = BUILT_PRODUCTS_DIR; };
		87D35B3D298333790039FC6C /* AppDelegate.swift */ = {isa = PBXFileReference; lastKnownFileType = sourcecode.swift; path = AppDelegate.swift; sourceTree = "<group>"; };
		87D35B3F298333790039FC6C /* ViewController.swift */ = {isa = PBXFileReference; lastKnownFileType = sourcecode.swift; path = ViewController.swift; sourceTree = "<group>"; };
		87D35B412983337B0039FC6C /* Assets.xcassets */ = {isa = PBXFileReference; lastKnownFileType = folder.assetcatalog; path = Assets.xcassets; sourceTree = "<group>"; };
		87D35B442983337B0039FC6C /* Base */ = {isa = PBXFileReference; lastKnownFileType = file.storyboard; name = Base; path = Base.lproj/Main.storyboard; sourceTree = "<group>"; };
		87D35B462983337B0039FC6C /* LookChecker.entitlements */ = {isa = PBXFileReference; lastKnownFileType = text.plist.entitlements; path = LookChecker.entitlements; sourceTree = "<group>"; };
		87D35B4B2983337C0039FC6C /* LookCheckerTests.xctest */ = {isa = PBXFileReference; explicitFileType = wrapper.cfbundle; includeInIndex = 0; path = LookCheckerTests.xctest; sourceTree = BUILT_PRODUCTS_DIR; };
		87D35B4F2983337C0039FC6C /* LookCheckerTests.swift */ = {isa = PBXFileReference; lastKnownFileType = sourcecode.swift; path = LookCheckerTests.swift; sourceTree = "<group>"; };
		87D35B552983337C0039FC6C /* LookCheckerUITests.xctest */ = {isa = PBXFileReference; explicitFileType = wrapper.cfbundle; includeInIndex = 0; path = LookCheckerUITests.xctest; sourceTree = BUILT_PRODUCTS_DIR; };
		87D35B592983337C0039FC6C /* LookCheckerUITests.swift */ = {isa = PBXFileReference; lastKnownFileType = sourcecode.swift; path = LookCheckerUITests.swift; sourceTree = "<group>"; };
		87D35B5B2983337C0039FC6C /* LookCheckerUITestsLaunchTests.swift */ = {isa = PBXFileReference; lastKnownFileType = sourcecode.swift; path = LookCheckerUITestsLaunchTests.swift; sourceTree = "<group>"; };
		87D35B682983338C0039FC6C /* ContentViewController.xib */ = {isa = PBXFileReference; fileEncoding = 4; lastKnownFileType = file.xib; path = ContentViewController.xib; sourceTree = "<group>"; };
		87D35B692983338C0039FC6C /* ContentViewController.swift */ = {isa = PBXFileReference; fileEncoding = 4; lastKnownFileType = sourcecode.swift; path = ContentViewController.swift; sourceTree = "<group>"; };
/* End PBXFileReference section */

/* Begin PBXFrameworksBuildPhase section */
		87D35B37298333790039FC6C /* Frameworks */ = {
			isa = PBXFrameworksBuildPhase;
			buildActionMask = 2147483647;
			files = (
			);
			runOnlyForDeploymentPostprocessing = 0;
		};
		87D35B482983337C0039FC6C /* Frameworks */ = {
			isa = PBXFrameworksBuildPhase;
			buildActionMask = 2147483647;
			files = (
			);
			runOnlyForDeploymentPostprocessing = 0;
		};
		87D35B522983337C0039FC6C /* Frameworks */ = {
			isa = PBXFrameworksBuildPhase;
			buildActionMask = 2147483647;
			files = (
			);
			runOnlyForDeploymentPostprocessing = 0;
		};
/* End PBXFrameworksBuildPhase section */

/* Begin PBXGroup section */
		87D35B31298333790039FC6C = {
			isa = PBXGroup;
			children = (
				87D35B3C298333790039FC6C /* LookChecker */,
				87D35B4E2983337C0039FC6C /* LookCheckerTests */,
				87D35B582983337C0039FC6C /* LookCheckerUITests */,
				87D35B3B298333790039FC6C /* Products */,
			);
			sourceTree = "<group>";
		};
		87D35B3B298333790039FC6C /* Products */ = {
			isa = PBXGroup;
			children = (
				87D35B3A298333790039FC6C /* LookChecker.app */,
				87D35B4B2983337C0039FC6C /* LookCheckerTests.xctest */,
				87D35B552983337C0039FC6C /* LookCheckerUITests.xctest */,
			);
			name = Products;
			sourceTree = "<group>";
		};
		87D35B3C298333790039FC6C /* LookChecker */ = {
			isa = PBXGroup;
			children = (
				87D35B3D298333790039FC6C /* AppDelegate.swift */,
				87D35B3F298333790039FC6C /* ViewController.swift */,
				87D35B692983338C0039FC6C /* ContentViewController.swift */,
				87D35B682983338C0039FC6C /* ContentViewController.xib */,
				87D35B412983337B0039FC6C /* Assets.xcassets */,
				87D35B432983337B0039FC6C /* Main.storyboard */,
				87D35B462983337B0039FC6C /* LookChecker.entitlements */,
			);
			path = LookChecker;
			sourceTree = "<group>";
		};
		87D35B4E2983337C0039FC6C /* LookCheckerTests */ = {
			isa = PBXGroup;
			children = (
				87D35B4F2983337C0039FC6C /* LookCheckerTests.swift */,
			);
			path = LookCheckerTests;
			sourceTree = "<group>";
		};
		87D35B582983337C0039FC6C /* LookCheckerUITests */ = {
			isa = PBXGroup;
			children = (
				87D35B592983337C0039FC6C /* LookCheckerUITests.swift */,
				87D35B5B2983337C0039FC6C /* LookCheckerUITestsLaunchTests.swift */,
			);
			path = LookCheckerUITests;
			sourceTree = "<group>";
		};
/* End PBXGroup section */

/* Begin PBXNativeTarget section */
		87D35B39298333790039FC6C /* LookChecker */ = {
			isa = PBXNativeTarget;
			buildConfigurationList = 87D35B5F2983337C0039FC6C /* Build configuration list for PBXNativeTarget "LookChecker" */;
			buildPhases = (
				87D35B36298333790039FC6C /* Sources */,
				87D35B37298333790039FC6C /* Frameworks */,
				87D35B38298333790039FC6C /* Resources */,
			);
			buildRules = (
			);
			dependencies = (
			);
			name = LookChecker;
			productName = LookChecker;
			productReference = 87D35B3A298333790039FC6C /* LookChecker.app */;
			productType = "com.apple.product-type.application";
		};
		87D35B4A2983337C0039FC6C /* LookCheckerTests */ = {
			isa = PBXNativeTarget;
			buildConfigurationList = 87D35B622983337C0039FC6C /* Build configuration list for PBXNativeTarget "LookCheckerTests" */;
			buildPhases = (
				87D35B472983337C0039FC6C /* Sources */,
				87D35B482983337C0039FC6C /* Frameworks */,
				87D35B492983337C0039FC6C /* Resources */,
			);
			buildRules = (
			);
			dependencies = (
				87D35B4D2983337C0039FC6C /* PBXTargetDependency */,
			);
			name = LookCheckerTests;
			productName = LookCheckerTests;
			productReference = 87D35B4B2983337C0039FC6C /* LookCheckerTests.xctest */;
			productType = "com.apple.product-type.bundle.unit-test";
		};
		87D35B542983337C0039FC6C /* LookCheckerUITests */ = {
			isa = PBXNativeTarget;
			buildConfigurationList = 87D35B652983337C0039FC6C /* Build configuration list for PBXNativeTarget "LookCheckerUITests" */;
			buildPhases = (
				87D35B512983337C0039FC6C /* Sources */,
				87D35B522983337C0039FC6C /* Frameworks */,
				87D35B532983337C0039FC6C /* Resources */,
			);
			buildRules = (
			);
			dependencies = (
				87D35B572983337C0039FC6C /* PBXTargetDependency */,
			);
			name = LookCheckerUITests;
			productName = LookCheckerUITests;
			productReference = 87D35B552983337C0039FC6C /* LookCheckerUITests.xctest */;
			productType = "com.apple.product-type.bundle.ui-testing";
		};
/* End PBXNativeTarget section */

/* Begin PBXProject section */
		87D35B32298333790039FC6C /* Project object */ = {
			isa = PBXProject;
			attributes = {
				BuildIndependentTargetsInParallel = 1;
				LastSwiftUpdateCheck = 1420;
				LastUpgradeCheck = 1420;
				TargetAttributes = {
					87D35B39298333790039FC6C = {
						CreatedOnToolsVersion = 14.2;
					};
					87D35B4A2983337C0039FC6C = {
						CreatedOnToolsVersion = 14.2;
						TestTargetID = 87D35B39298333790039FC6C;
					};
					87D35B542983337C0039FC6C = {
						CreatedOnToolsVersion = 14.2;
						TestTargetID = 87D35B39298333790039FC6C;
					};
				};
			};
			buildConfigurationList = 87D35B35298333790039FC6C /* Build configuration list for PBXProject "LookChecker" */;
			compatibilityVersion = "Xcode 14.0";
			developmentRegion = en;
			hasScannedForEncodings = 0;
			knownRegions = (
				en,
				Base,
			);
			mainGroup = 87D35B31298333790039FC6C;
			productRefGroup = 87D35B3B298333790039FC6C /* Products */;
			projectDirPath = "";
			projectRoot = "";
			targets = (
				87D35B39298333790039FC6C /* LookChecker */,
				87D35B4A2983337C0039FC6C /* LookCheckerTests */,
				87D35B542983337C0039FC6C /* LookCheckerUITests */,
			);
		};
/* End PBXProject section */

/* Begin PBXResourcesBuildPhase section */
		87D35B38298333790039FC6C /* Resources */ = {
			isa = PBXResourcesBuildPhase;
			buildActionMask = 2147483647;
			files = (
				87D35B422983337B0039FC6C /* Assets.xcassets in Resources */,
				87D35B452983337B0039FC6C /* Main.storyboard in Resources */,
				87D35B6A2983338C0039FC6C /* ContentViewController.xib in Resources */,
			);
			runOnlyForDeploymentPostprocessing = 0;
		};
		87D35B492983337C0039FC6C /* Resources */ = {
			isa = PBXResourcesBuildPhase;
			buildActionMask = 2147483647;
			files = (
			);
			runOnlyForDeploymentPostprocessing = 0;
		};
		87D35B532983337C0039FC6C /* Resources */ = {
			isa = PBXResourcesBuildPhase;
			buildActionMask = 2147483647;
			files = (
			);
			runOnlyForDeploymentPostprocessing = 0;
		};
/* End PBXResourcesBuildPhase section */

/* Begin PBXSourcesBuildPhase section */
		87D35B36298333790039FC6C /* Sources */ = {
			isa = PBXSourcesBuildPhase;
			buildActionMask = 2147483647;
			files = (
				87D35B40298333790039FC6C /* ViewController.swift in Sources */,
				87D35B6B2983338C0039FC6C /* ContentViewController.swift in Sources */,
				87D35B3E298333790039FC6C /* AppDelegate.swift in Sources */,
			);
			runOnlyForDeploymentPostprocessing = 0;
		};
		87D35B472983337C0039FC6C /* Sources */ = {
			isa = PBXSourcesBuildPhase;
			buildActionMask = 2147483647;
			files = (
				87D35B502983337C0039FC6C /* LookCheckerTests.swift in Sources */,
			);
			runOnlyForDeploymentPostprocessing = 0;
		};
		87D35B512983337C0039FC6C /* Sources */ = {
			isa = PBXSourcesBuildPhase;
			buildActionMask = 2147483647;
			files = (
				87D35B5A2983337C0039FC6C /* LookCheckerUITests.swift in Sources */,
				87D35B5C2983337C0039FC6C /* LookCheckerUITestsLaunchTests.swift in Sources */,
			);
			runOnlyForDeploymentPostprocessing = 0;
		};
/* End PBXSourcesBuildPhase section */

/* Begin PBXTargetDependency section */
		87D35B4D2983337C0039FC6C /* PBXTargetDependency */ = {
			isa = PBXTargetDependency;
			target = 87D35B39298333790039FC6C /* LookChecker */;
			targetProxy = 87D35B4C2983337C0039FC6C /* PBXContainerItemProxy */;
		};
		87D35B572983337C0039FC6C /* PBXTargetDependency */ = {
			isa = PBXTargetDependency;
			target = 87D35B39298333790039FC6C /* LookChecker */;
			targetProxy = 87D35B562983337C0039FC6C /* PBXContainerItemProxy */;
		};
/* End PBXTargetDependency section */

/* Begin PBXVariantGroup section */
		87D35B432983337B0039FC6C /* Main.storyboard */ = {
			isa = PBXVariantGroup;
			children = (
				87D35B442983337B0039FC6C /* Base */,
			);
			name = Main.storyboard;
			sourceTree = "<group>";
		};
/* End PBXVariantGroup section */

/* Begin XCBuildConfiguration section */
		87D35B5D2983337C0039FC6C /* Debug */ = {
			isa = XCBuildConfiguration;
			buildSettings = {
				ALWAYS_SEARCH_USER_PATHS = NO;
				CLANG_ANALYZER_NONNULL = YES;
				CLANG_ANALYZER_NUMBER_OBJECT_CONVERSION = YES_AGGRESSIVE;
				CLANG_CXX_LANGUAGE_STANDARD = "gnu++20";
				CLANG_ENABLE_MODULES = YES;
				CLANG_ENABLE_OBJC_ARC = YES;
				CLANG_ENABLE_OBJC_WEAK = YES;
				CLANG_WARN_BLOCK_CAPTURE_AUTORELEASING = YES;
				CLANG_WARN_BOOL_CONVERSION = YES;
				CLANG_WARN_COMMA = YES;
				CLANG_WARN_CONSTANT_CONVERSION = YES;
				CLANG_WARN_DEPRECATED_OBJC_IMPLEMENTATIONS = YES;
				CLANG_WARN_DIRECT_OBJC_ISA_USAGE = YES_ERROR;
				CLANG_WARN_DOCUMENTATION_COMMENTS = YES;
				CLANG_WARN_EMPTY_BODY = YES;
				CLANG_WARN_ENUM_CONVERSION = YES;
				CLANG_WARN_INFINITE_RECURSION = YES;
				CLANG_WARN_INT_CONVERSION = YES;
				CLANG_WARN_NON_LITERAL_NULL_CONVERSION = YES;
				CLANG_WARN_OBJC_IMPLICIT_RETAIN_SELF = YES;
				CLANG_WARN_OBJC_LITERAL_CONVERSION = YES;
				CLANG_WARN_OBJC_ROOT_CLASS = YES_ERROR;
				CLANG_WARN_QUOTED_INCLUDE_IN_FRAMEWORK_HEADER = YES;
				CLANG_WARN_RANGE_LOOP_ANALYSIS = YES;
				CLANG_WARN_STRICT_PROTOTYPES = YES;
				CLANG_WARN_SUSPICIOUS_MOVE = YES;
				CLANG_WARN_UNGUARDED_AVAILABILITY = YES_AGGRESSIVE;
				CLANG_WARN_UNREACHABLE_CODE = YES;
				CLANG_WARN__DUPLICATE_METHOD_MATCH = YES;
				COPY_PHASE_STRIP = NO;
				DEBUG_INFORMATION_FORMAT = dwarf;
				ENABLE_STRICT_OBJC_MSGSEND = YES;
				ENABLE_TESTABILITY = YES;
				GCC_C_LANGUAGE_STANDARD = gnu11;
				GCC_DYNAMIC_NO_PIC = NO;
				GCC_NO_COMMON_BLOCKS = YES;
				GCC_OPTIMIZATION_LEVEL = 0;
				GCC_PREPROCESSOR_DEFINITIONS = (
					"DEBUG=1",
					"$(inherited)",
				);
				GCC_WARN_64_TO_32_BIT_CONVERSION = YES;
				GCC_WARN_ABOUT_RETURN_TYPE = YES_ERROR;
				GCC_WARN_UNDECLARED_SELECTOR = YES;
				GCC_WARN_UNINITIALIZED_AUTOS = YES_AGGRESSIVE;
				GCC_WARN_UNUSED_FUNCTION = YES;
				GCC_WARN_UNUSED_VARIABLE = YES;
				MACOSX_DEPLOYMENT_TARGET = 13.1;
				MTL_ENABLE_DEBUG_INFO = INCLUDE_SOURCE;
				MTL_FAST_MATH = YES;
				ONLY_ACTIVE_ARCH = YES;
				SDKROOT = macosx;
				SWIFT_ACTIVE_COMPILATION_CONDITIONS = DEBUG;
				SWIFT_OPTIMIZATION_LEVEL = "-Onone";
			};
			name = Debug;
		};
		87D35B5E2983337C0039FC6C /* Release */ = {
			isa = XCBuildConfiguration;
			buildSettings = {
				ALWAYS_SEARCH_USER_PATHS = NO;
				CLANG_ANALYZER_NONNULL = YES;
				CLANG_ANALYZER_NUMBER_OBJECT_CONVERSION = YES_AGGRESSIVE;
				CLANG_CXX_LANGUAGE_STANDARD = "gnu++20";
				CLANG_ENABLE_MODULES = YES;
				CLANG_ENABLE_OBJC_ARC = YES;
				CLANG_ENABLE_OBJC_WEAK = YES;
				CLANG_WARN_BLOCK_CAPTURE_AUTORELEASING = YES;
				CLANG_WARN_BOOL_CONVERSION = YES;
				CLANG_WARN_COMMA = YES;
				CLANG_WARN_CONSTANT_CONVERSION = YES;
				CLANG_WARN_DEPRECATED_OBJC_IMPLEMENTATIONS = YES;
				CLANG_WARN_DIRECT_OBJC_ISA_USAGE = YES_ERROR;
				CLANG_WARN_DOCUMENTATION_COMMENTS = YES;
				CLANG_WARN_EMPTY_BODY = YES;
				CLANG_WARN_ENUM_CONVERSION = YES;
				CLANG_WARN_INFINITE_RECURSION = YES;
				CLANG_WARN_INT_CONVERSION = YES;
				CLANG_WARN_NON_LITERAL_NULL_CONVERSION = YES;
				CLANG_WARN_OBJC_IMPLICIT_RETAIN_SELF = YES;
				CLANG_WARN_OBJC_LITERAL_CONVERSION = YES;
				CLANG_WARN_OBJC_ROOT_CLASS = YES_ERROR;
				CLANG_WARN_QUOTED_INCLUDE_IN_FRAMEWORK_HEADER = YES;
				CLANG_WARN_RANGE_LOOP_ANALYSIS = YES;
				CLANG_WARN_STRICT_PROTOTYPES = YES;
				CLANG_WARN_SUSPICIOUS_MOVE = YES;
				CLANG_WARN_UNGUARDED_AVAILABILITY = YES_AGGRESSIVE;
				CLANG_WARN_UNREACHABLE_CODE = YES;
				CLANG_WARN__DUPLICATE_METHOD_MATCH = YES;
				COPY_PHASE_STRIP = NO;
				DEBUG_INFORMATION_FORMAT = "dwarf-with-dsym";
				ENABLE_NS_ASSERTIONS = NO;
				ENABLE_STRICT_OBJC_MSGSEND = YES;
				GCC_C_LANGUAGE_STANDARD = gnu11;
				GCC_NO_COMMON_BLOCKS = YES;
				GCC_WARN_64_TO_32_BIT_CONVERSION = YES;
				GCC_WARN_ABOUT_RETURN_TYPE = YES_ERROR;
				GCC_WARN_UNDECLARED_SELECTOR = YES;
				GCC_WARN_UNINITIALIZED_AUTOS = YES_AGGRESSIVE;
				GCC_WARN_UNUSED_FUNCTION = YES;
				GCC_WARN_UNUSED_VARIABLE = YES;
				MACOSX_DEPLOYMENT_TARGET = 13.1;
				MTL_ENABLE_DEBUG_INFO = NO;
				MTL_FAST_MATH = YES;
				SDKROOT = macosx;
				SWIFT_COMPILATION_MODE = wholemodule;
				SWIFT_OPTIMIZATION_LEVEL = "-O";
			};
			name = Release;
		};
		87D35B602983337C0039FC6C /* Debug */ = {
			isa = XCBuildConfiguration;
			buildSettings = {
				ASSETCATALOG_COMPILER_APPICON_NAME = AppIcon;
				ASSETCATALOG_COMPILER_GLOBAL_ACCENT_COLOR_NAME = AccentColor;
				CODE_SIGN_ENTITLEMENTS = LookChecker/LookChecker.entitlements;
				CODE_SIGN_STYLE = Automatic;
				COMBINE_HIDPI_IMAGES = YES;
				CURRENT_PROJECT_VERSION = 1;
				DEVELOPMENT_TEAM = UUQM65Q8TJ;
				ENABLE_HARDENED_RUNTIME = YES;
				GENERATE_INFOPLIST_FILE = YES;
				INFOPLIST_KEY_NSCameraUsageDescription = "Please give permission to check your look !";
				INFOPLIST_KEY_NSHumanReadableCopyright = "";
				INFOPLIST_KEY_NSMainStoryboardFile = Main;
				INFOPLIST_KEY_NSPrincipalClass = NSApplication;
				LD_RUNPATH_SEARCH_PATHS = (
					"$(inherited)",
					"@executable_path/../Frameworks",
				);
				MARKETING_VERSION = 1.0;
				PRODUCT_BUNDLE_IDENTIFIER = com.rahul.test.LookChecker;
				PRODUCT_NAME = "$(TARGET_NAME)";
				SWIFT_EMIT_LOC_STRINGS = YES;
				SWIFT_VERSION = 5.0;
			};
			name = Debug;
		};
		87D35B612983337C0039FC6C /* Release */ = {
			isa = XCBuildConfiguration;
			buildSettings = {
				ASSETCATALOG_COMPILER_APPICON_NAME = AppIcon;
				ASSETCATALOG_COMPILER_GLOBAL_ACCENT_COLOR_NAME = AccentColor;
				CODE_SIGN_ENTITLEMENTS = LookChecker/LookChecker.entitlements;
				CODE_SIGN_STYLE = Automatic;
				COMBINE_HIDPI_IMAGES = YES;
				CURRENT_PROJECT_VERSION = 1;
				DEVELOPMENT_TEAM = UUQM65Q8TJ;
				ENABLE_HARDENED_RUNTIME = YES;
				GENERATE_INFOPLIST_FILE = YES;
				INFOPLIST_KEY_NSCameraUsageDescription = "Please give permission to check your look !";
				INFOPLIST_KEY_NSHumanReadableCopyright = "";
				INFOPLIST_KEY_NSMainStoryboardFile = Main;
				INFOPLIST_KEY_NSPrincipalClass = NSApplication;
				LD_RUNPATH_SEARCH_PATHS = (
					"$(inherited)",
					"@executable_path/../Frameworks",
				);
				MARKETING_VERSION = 1.0;
				PRODUCT_BUNDLE_IDENTIFIER = com.rahul.test.LookChecker;
				PRODUCT_NAME = "$(TARGET_NAME)";
				SWIFT_EMIT_LOC_STRINGS = YES;
				SWIFT_VERSION = 5.0;
			};
			name = Release;
		};
		87D35B632983337C0039FC6C /* Debug */ = {
			isa = XCBuildConfiguration;
			buildSettings = {
				ALWAYS_EMBED_SWIFT_STANDARD_LIBRARIES = YES;
				BUNDLE_LOADER = "$(TEST_HOST)";
				CODE_SIGN_STYLE = Automatic;
				CURRENT_PROJECT_VERSION = 1;
				DEVELOPMENT_TEAM = UUQM65Q8TJ;
				GENERATE_INFOPLIST_FILE = YES;
				MACOSX_DEPLOYMENT_TARGET = 13.1;
				MARKETING_VERSION = 1.0;
				PRODUCT_BUNDLE_IDENTIFIER = com.rahul.test.LookCheckerTests;
				PRODUCT_NAME = "$(TARGET_NAME)";
				SWIFT_EMIT_LOC_STRINGS = NO;
				SWIFT_VERSION = 5.0;
				TEST_HOST = "$(BUILT_PRODUCTS_DIR)/LookChecker.app/$(BUNDLE_EXECUTABLE_FOLDER_PATH)/LookChecker";
			};
			name = Debug;
		};
		87D35B642983337C0039FC6C /* Release */ = {
			isa = XCBuildConfiguration;
			buildSettings = {
				ALWAYS_EMBED_SWIFT_STANDARD_LIBRARIES = YES;
				BUNDLE_LOADER = "$(TEST_HOST)";
				CODE_SIGN_STYLE = Automatic;
				CURRENT_PROJECT_VERSION = 1;
				DEVELOPMENT_TEAM = UUQM65Q8TJ;
				GENERATE_INFOPLIST_FILE = YES;
				MACOSX_DEPLOYMENT_TARGET = 13.1;
				MARKETING_VERSION = 1.0;
				PRODUCT_BUNDLE_IDENTIFIER = com.rahul.test.LookCheckerTests;
				PRODUCT_NAME = "$(TARGET_NAME)";
				SWIFT_EMIT_LOC_STRINGS = NO;
				SWIFT_VERSION = 5.0;
				TEST_HOST = "$(BUILT_PRODUCTS_DIR)/LookChecker.app/$(BUNDLE_EXECUTABLE_FOLDER_PATH)/LookChecker";
			};
			name = Release;
		};
		87D35B662983337C0039FC6C /* Debug */ = {
			isa = XCBuildConfiguration;
			buildSettings = {
				ALWAYS_EMBED_SWIFT_STANDARD_LIBRARIES = YES;
				CODE_SIGN_STYLE = Automatic;
				CURRENT_PROJECT_VERSION = 1;
				DEVELOPMENT_TEAM = UUQM65Q8TJ;
				GENERATE_INFOPLIST_FILE = YES;
				MARKETING_VERSION = 1.0;
				PRODUCT_BUNDLE_IDENTIFIER = com.rahul.test.LookCheckerUITests;
				PRODUCT_NAME = "$(TARGET_NAME)";
				SWIFT_EMIT_LOC_STRINGS = NO;
				SWIFT_VERSION = 5.0;
				TEST_TARGET_NAME = LookChecker;
			};
			name = Debug;
		};
		87D35B672983337C0039FC6C /* Release */ = {
			isa = XCBuildConfiguration;
			buildSettings = {
				ALWAYS_EMBED_SWIFT_STANDARD_LIBRARIES = YES;
				CODE_SIGN_STYLE = Automatic;
				CURRENT_PROJECT_VERSION = 1;
				DEVELOPMENT_TEAM = UUQM65Q8TJ;
				GENERATE_INFOPLIST_FILE = YES;
				MARKETING_VERSION = 1.0;
				PRODUCT_BUNDLE_IDENTIFIER = com.rahul.test.LookCheckerUITests;
				PRODUCT_NAME = "$(TARGET_NAME)";
				SWIFT_EMIT_LOC_STRINGS = NO;
				SWIFT_VERSION = 5.0;
				TEST_TARGET_NAME = LookChecker;
			};
			name = Release;
		};
/* End XCBuildConfiguration section */

/* Begin XCConfigurationList section */
		87D35B35298333790039FC6C /* Build configuration list for PBXProject "LookChecker" */ = {
			isa = XCConfigurationList;
			buildConfigurations = (
				87D35B5D2983337C0039FC6C /* Debug */,
				87D35B5E2983337C0039FC6C /* Release */,
			);
			defaultConfigurationIsVisible = 0;
			defaultConfigurationName = Release;
		};
		87D35B5F2983337C0039FC6C /* Build configuration list for PBXNativeTarget "LookChecker" */ = {
			isa = XCConfigurationList;
			buildConfigurations = (
				87D35B602983337C0039FC6C /* Debug */,
				87D35B612983337C0039FC6C /* Release */,
			);
			defaultConfigurationIsVisible = 0;
			defaultConfigurationName = Release;
		};
		87D35B622983337C0039FC6C /* Build configuration list for PBXNativeTarget "LookCheckerTests" */ = {
			isa = XCConfigurationList;
			buildConfigurations = (
				87D35B632983337C0039FC6C /* Debug */,
				87D35B642983337C0039FC6C /* Release */,
			);
			defaultConfigurationIsVisible = 0;
			defaultConfigurationName = Release;
		};
		87D35B652983337C0039FC6C /* Build configuration list for PBXNativeTarget "LookCheckerUITests" */ = {
			isa = XCConfigurationList;
			buildConfigurations = (
				87D35B662983337C0039FC6C /* Debug */,
				87D35B672983337C0039FC6C /* Release */,
			);
			defaultConfigurationIsVisible = 0;
			defaultConfigurationName = Release;
		};
/* End XCConfigurationList section */
	};
	rootObject = 87D35B32298333790039FC6C /* Project object */;
}
